
Microsoft Visual Studio Solution File, Format Version 12.00
# Visual Studio Version 17
VisualStudioVersion = 17.5.33530.505
MinimumVisualStudioVersion = 10.0.40219.1
Project("{FAE04EC0-301F-11D3-BF4B-00C04F79EFBC}") = "Hacettepe_Telekom", "Hacettepe_Telekom\Hacettepe_Telekom.csproj", "{14CFED5F-5A7B-4433-8503-FC07B2E28CAC}"
EndProject
Global
	GlobalSection(SolutionConfigurationPlatforms) = preSolution
		Debug|Any CPU = Debug|Any CPU
		Release|Any CPU = Release|Any CPU
	EndGlobalSection
	GlobalSection(ProjectConfigurationPlatforms) = postSolution
		{14CFED5F-5A7B-4433-8503-FC07B2E28CAC}.Debug|Any CPU.ActiveCfg = Debug|Any CPU
		{14CFED5F-5A7B-4433-8503-FC07B2E28CAC}.Debug|Any CPU.Build.0 = Debug|Any CPU
		{14CFED5F-5A7B-4433-8503-FC07B2E28CAC}.Release|Any CPU.ActiveCfg = Release|Any CPU
		{14CFED5F-5A7B-4433-8503-FC07B2E28CAC}.Release|Any CPU.Build.0 = Release|Any CPU
	EndGlobalSection
	GlobalSection(SolutionProperties) = preSolution
		HideSolutionNode = FALSE
	EndGlobalSection
	GlobalSection(ExtensibilityGlobals) = postSolution
		SolutionGuid = {749DD848-7910-4030-A01A-ECF846EFF55D}
	EndGlobalSection
EndGlobal
